Microsoft Visual Studio Solution File, Format Version 12.00
# Visual Studio Version 17
VisualStudioVersion = 17.5.2.0
MinimumVisualStudioVersion = 10.0.40219.1
Project("{FAE04EC0-301F-11D3-BF4B-00C04F79EFBC}") = "travelsreactdotnet", "travelsreactdotnet.csproj", "{C98D7118-53F9-52F9-163B-B43B692D036D}"
EndProject
Global
	GlobalSection(SolutionConfigurationPlatforms) = preSolution
		Debug|Any CPU = Debug|Any CPU
		Release|Any CPU = Release|Any CPU
	EndGlobalSection
	GlobalSection(ProjectConfigurationPlatforms) = postSolution
		{C98D7118-53F9-52F9-163B-B43B692D036D}.Debug|Any CPU.ActiveCfg = Debug|Any CPU
		{C98D7118-53F9-52F9-163B-B43B692D036D}.Debug|Any CPU.Build.0 = Debug|Any CPU
		{C98D7118-53F9-52F9-163B-B43B692D036D}.Release|Any CPU.ActiveCfg = Release|Any CPU
		{C98D7118-53F9-52F9-163B-B43B692D036D}.Release|Any CPU.Build.0 = Release|Any CPU
	EndGlobalSection
	GlobalSection(SolutionProperties) = preSolution
		HideSolutionNode = FALSE
	EndGlobalSection
	GlobalSection(ExtensibilityGlobals) = postSolution
		SolutionGuid = {499AE845-07D7-4D52-B74F-8D76389000FF}
	EndGlobalSection
EndGlobal
